arm64-v8a	deb	nodejs-lts	24.18.0-1	https://packages.termux.dev/apt/termux-main/pool/main/n/nodejs-lts/nodejs-lts_24.18.0-1_aarch64.deb	490f4d08c45b25a7ea7db6ee466ebb3ee61f07083260b85332704ed018f59a87
arm64-v8a	deb	libc++	30	https://packages.termux.dev/apt/termux-main/pool/main/libc/libc++/libc++_30_aarch64.deb	53d0b84a7ba7459024257cb94d5b136fe13ef858567f65a8064b35950799f2ca
arm64-v8a	deb	openssl	1:3.6.5	https://packages.termux.dev/apt/termux-main/pool/main/o/openssl/openssl_1%3A3.6.5_aarch64.deb	a2fb7856875e63ef6b90442752e05974813372c3ca86d2513a78ea43c67a0f8b
arm64-v8a	deb	c-ares	1.34.8	https://packages.termux.dev/apt/termux-main/pool/main/c/c-ares/c-ares_1.34.8_aarch64.deb	7681fc23e822d7988ba8b2adf3468f93ae68f724dda365cff1385096a9fa87e6
arm64-v8a	deb	libicu	78.3	https://packages.termux.dev/apt/termux-main/pool/main/libi/libicu/libicu_78.3_aarch64.deb	f536403f65a08fe0df6e7304184e902d54def77d5c3bd5edfd9109d57601d276
arm64-v8a	deb	libsqlite	3.53.4	https://packages.termux.dev/apt/termux-main/pool/main/libs/libsqlite/libsqlite_3.53.4_aarch64.deb	0e909ce0d50fe123305446cd22e0c5edf535d40344b9b065fbdcdee52f53198d
arm64-v8a	deb	zlib	1.3.2	https://packages.termux.dev/apt/termux-main/pool/main/z/zlib/zlib_1.3.2_aarch64.deb	75e7d0af17fcc3b40004309fdc00a1ddb9ae08346dce5e269902c34ac3966ac9
arm64-v8a	deb	npm	11.20.0	https://packages.termux.dev/apt/termux-main/pool/main/n/npm/npm_11.20.0_all.deb	a2775653a0626749138ccd6e37a7b63239f36a9e3c62a9e6740818ca4b2d088b
armeabi-v7a	deb	nodejs-lts	24.18.0-1	https://packages.termux.dev/apt/termux-main/pool/main/n/nodejs-lts/nodejs-lts_24.18.0-1_arm.deb	a6eb7719793366ab3a1768f849ce79ee0486c48a071e95ac4201010e153fe63a
armeabi-v7a	deb	libc++	30	https://packages.termux.dev/apt/termux-main/pool/main/libc/libc++/libc++_30_arm.deb	5d4e4dfea77402c0b3ee05b6cb4c73108bb69cc149e2d3a73d4ec6ee6919fd16
armeabi-v7a	deb	openssl	1:3.6.5	https://packages.termux.dev/apt/termux-main/pool/main/o/openssl/openssl_1%3A3.6.5_arm.deb	4271df34c1cad73da0143b6d9013df4b80a4f6fc4d8a107f4069ef864606e0a9
armeabi-v7a	deb	c-ares	1.34.8	https://packages.termux.dev/apt/termux-main/pool/main/c/c-ares/c-ares_1.34.8_arm.deb	efc1342b60bb5b6d71619b7dfb400d9fe921c1629bc5ae035adec0313767f868
armeabi-v7a	deb	libicu	78.3	https://packages.termux.dev/apt/termux-main/pool/main/libi/libicu/libicu_78.3_arm.deb	3ddca664e8cbe4cc775f585dc6457c65b3de454f5ca10bede412dfffbbbab8a8
armeabi-v7a	deb	libsqlite	3.53.4	https://packages.termux.dev/apt/termux-main/pool/main/libs/libsqlite/libsqlite_3.53.4_arm.deb	0ff2b4cccfd0b4925659e91f0c72fb1e5bce7a3d08169d2701416273436f9f8b
armeabi-v7a	deb	zlib	1.3.2	https://packages.termux.dev/apt/termux-main/pool/main/z/zlib/zlib_1.3.2_arm.deb	c63ee590f2f02254725bdd8e415582c70737b63712a20d5395b45e4b13ffffc5
armeabi-v7a	deb	npm	11.20.0	https://packages.termux.dev/apt/termux-main/pool/main/n/npm/npm_11.20.0_all.deb	a2775653a0626749138ccd6e37a7b63239f36a9e3c62a9e6740818ca4b2d088b
all	npm	typescript	6.0.3	https://registry.npmjs.org/typescript/-/typescript-6.0.3.tgz	33cd0ee1beaa8c9e9d15a9da836c62ddea4c34a42d7c2d349dbc80d94165d22a
all	npm	typescript-language-server	6.0.1	https://registry.npmjs.org/typescript-language-server/-/typescript-language-server-6.0.1.tgz	85eabb9251d85d3798b247b2bc0895ca111d866bfbf59533f64b2461b0d8649f
all	types	@types/node	24.19.1	https://registry.npmjs.org/@types/node/-/node-24.19.1.tgz	4605482935b2a8c26c53c7637fbc20665e49f9b0b6dc0db50449500e86727a82
all	types	undici-types	7.24.6	https://registry.npmjs.org/undici-types/-/undici-types-7.24.6.tgz	2abf595a86b87dd22951218848ec4ad89c018db0e656716dc04b8b2f9290a0f4
