arm64-v8a	deb	php	8.5.1	https://packages.termux.dev/apt/termux-main/pool/main/p/php/php_8.5.1_aarch64.deb	72c86f47eebb4fb454f06ed18f622346b03ab81057f43cbf586d91b64eb0b0f1
all	deb	composer	2.10.3	https://packages.termux.dev/apt/termux-main/pool/main/c/composer/composer_2.10.3_all.deb	99d3c3e3a4107904c42c087f1c27b3de5c3cea67ee0e82a48d5516fe1836a001
arm64-v8a	deb	capstone	5.0.9	https://packages.termux.dev/apt/termux-main/pool/main/c/capstone/capstone_5.0.9_aarch64.deb	4f2c4123364d0084699ebd61c9c6789e37da7b8831039b27d89cd2d6b98ea991
arm64-v8a	deb	libandroid-glob	0.6-3	https://packages.termux.dev/apt/termux-main/pool/main/liba/libandroid-glob/libandroid-glob_0.6-3_aarch64.deb	2276ae8adedf0db76c2f4ffc94cc4cceb2f4f5d78e021b54e2e046d1233e7826
arm64-v8a	deb	libandroid-support	29-1	https://packages.termux.dev/apt/termux-main/pool/main/liba/libandroid-support/libandroid-support_29-1_aarch64.deb	f2f145d6135ad4843ac9670153be3e3944dc1e6f1736d46d2306c28f2b86f517
arm64-v8a	deb	libbz2	1.0.8-8	https://packages.termux.dev/apt/termux-main/pool/main/libb/libbz2/libbz2_1.0.8-8_aarch64.deb	4335d7f060650b0aabef545d1334c2f9f280223d5962e13c24a00ec934b794ba
arm64-v8a	deb	libc++	30	https://packages.termux.dev/apt/termux-main/pool/main/libc/libc++/libc++_30_aarch64.deb	53d0b84a7ba7459024257cb94d5b136fe13ef858567f65a8064b35950799f2ca
arm64-v8a	deb	libcurl	8.22.0	https://packages.termux.dev/apt/termux-main/pool/main/libc/libcurl/libcurl_8.22.0_aarch64.deb	e780d925d977c32a3cfe6a2c7d340f0726618786deee98b0cb8b601efb93a8c9
arm64-v8a	deb	libffi	3.8.0	https://packages.termux.dev/apt/termux-main/pool/main/libf/libffi/libffi_3.8.0_aarch64.deb	4f255badf74cd31f6a2801c17fa1444199c84c834b517b7c843e2fe9ebe91d77
arm64-v8a	deb	libgmp	6.3.0-2	https://packages.termux.dev/apt/termux-main/pool/main/libg/libgmp/libgmp_6.3.0-2_aarch64.deb	5a3c1325638946ca212ddcb89bffb2c4459b4c90757d6e69f820e176534037fa
arm64-v8a	deb	libiconv	1.19	https://packages.termux.dev/apt/termux-main/pool/main/libi/libiconv/libiconv_1.19_aarch64.deb	fe9481b1dc101c6c3552943f25435109fd522aecc615ae49594f9fbee863bb37
arm64-v8a	deb	libicu	78.3	https://packages.termux.dev/apt/termux-main/pool/main/libi/libicu/libicu_78.3_aarch64.deb	f536403f65a08fe0df6e7304184e902d54def77d5c3bd5edfd9109d57601d276
arm64-v8a	deb	libresolv-wrapper	1.1.8	https://packages.termux.dev/apt/termux-main/pool/main/libr/libresolv-wrapper/libresolv-wrapper_1.1.8_aarch64.deb	41c989a4c6f85575ac542ab5d710fead6fec4cb41941f634666a68a765c13370
arm64-v8a	deb	libsqlite	3.53.4	https://packages.termux.dev/apt/termux-main/pool/main/libs/libsqlite/libsqlite_3.53.4_aarch64.deb	0e909ce0d50fe123305446cd22e0c5edf535d40344b9b065fbdcdee52f53198d
arm64-v8a	deb	libxml2	2.15.4-1	https://packages.termux.dev/apt/termux-main/pool/main/libx/libxml2/libxml2_2.15.4-1_aarch64.deb	d315861bbcf716cfb088f53cddab9fb6a96430cc66769f79774cc69c2f53bcff
arm64-v8a	deb	libxslt	1.1.45-1	https://packages.termux.dev/apt/termux-main/pool/main/libx/libxslt/libxslt_1.1.45-1_aarch64.deb	b104451c28d11e44a904cc665326a7161a5d5db6b339d3010096b34778cc0ee1
arm64-v8a	deb	libzip	1.12	https://packages.termux.dev/apt/termux-main/pool/main/libz/libzip/libzip_1.12_aarch64.deb	2a7183ac3ca61a9f7313d632845bd070ba038858b92d71d162194f37ae8ce23e
arm64-v8a	deb	oniguruma	6.9.10-1	https://packages.termux.dev/apt/termux-main/pool/main/o/oniguruma/oniguruma_6.9.10-1_aarch64.deb	93675574c560cd2f75b32f0bd2fdaa693419dd6ac0e6c71c26ce5fd928cae1c5
arm64-v8a	deb	openssl	1:3.6.5	https://packages.termux.dev/apt/termux-main/pool/main/o/openssl/openssl_1%3A3.6.5_aarch64.deb	a2fb7856875e63ef6b90442752e05974813372c3ca86d2513a78ea43c67a0f8b
arm64-v8a	deb	pcre2	10.49	https://packages.termux.dev/apt/termux-main/pool/main/p/pcre2/pcre2_10.49_aarch64.deb	c27995e5f52b8ecc9b8b3e662eb08e49f82a18bfd3f34343936acc7b23964724
arm64-v8a	deb	readline	8.3.6	https://packages.termux.dev/apt/termux-main/pool/main/r/readline/readline_8.3.6_aarch64.deb	616cc73009bc0223f61caed8dd09455714455aa5ea5e180126e2f69c4c775136
arm64-v8a	deb	tidy	5.9.14-next-3	https://packages.termux.dev/apt/termux-main/pool/main/t/tidy/tidy_5.9.14-next-3_aarch64.deb	efaadeffa7124936c2d00e394d9bdcb257e8a93bc305f302da14cf4031a08115
arm64-v8a	deb	zlib	1.3.2	https://packages.termux.dev/apt/termux-main/pool/main/z/zlib/zlib_1.3.2_aarch64.deb	75e7d0af17fcc3b40004309fdc00a1ddb9ae08346dce5e269902c34ac3966ac9
arm64-v8a	deb	libnghttp2	1.70.0	https://packages.termux.dev/apt/termux-main/pool/main/libn/libnghttp2/libnghttp2_1.70.0_aarch64.deb	ab2e0a3408fe4934ffdf774bd5049a265db2e6db62dcb651baecbecfb81e3f0b
arm64-v8a	deb	libnghttp3	1.18.0	https://packages.termux.dev/apt/termux-main/pool/main/libn/libnghttp3/libnghttp3_1.18.0_aarch64.deb	0be2ee96def3608afaf24eb0b4b55f3484a37c95ea21bb1d6d85c7d543467603
arm64-v8a	deb	libngtcp2	1.25.0	https://packages.termux.dev/apt/termux-main/pool/main/libn/libngtcp2/libngtcp2_1.25.0_aarch64.deb	f471bad7f4329b6b0b4aedf124e0a23a35f6ac99bfbae73304136f8bfd570fc3
arm64-v8a	deb	libssh2	1.11.1-2	https://packages.termux.dev/apt/termux-main/pool/main/libs/libssh2/libssh2_1.11.1-2_aarch64.deb	1add4e0a926b848814e7e2f1817ea28b123c54cabd5bbc4e5cfd65291cbad84e
arm64-v8a	deb	libgcrypt	1.12.4	https://packages.termux.dev/apt/termux-main/pool/main/libg/libgcrypt/libgcrypt_1.12.4_aarch64.deb	806d8ae1e2b6d41037b94e95736f9709672cac052b133241fa9a18f70e7c432e
arm64-v8a	deb	libgpg-error	1.61	https://packages.termux.dev/apt/termux-main/pool/main/libg/libgpg-error/libgpg-error_1.61_aarch64.deb	452afa22fe36e4d79679e91eae6e22855dd1f855e2a7e1840736279b26611d8f
arm64-v8a	deb	liblzma	5.8.4	https://packages.termux.dev/apt/termux-main/pool/main/libl/liblzma/liblzma_5.8.4_aarch64.deb	44e95e6e60dddb3705e60a344a4f009a1085a210797342b721eaff41b44033c0
arm64-v8a	deb	zstd	1.5.7-1	https://packages.termux.dev/apt/termux-main/pool/main/z/zstd/zstd_1.5.7-1_aarch64.deb	e1b4a5113648da8de189620ba1fce74c48b2d0833d9043391b9a1c91fb606fd3
arm64-v8a	deb	ncurses	6.6.20260307+really6.5.20250830	https://packages.termux.dev/apt/termux-main/pool/main/n/ncurses/ncurses_6.6.20260307+really6.5.20250830_aarch64.deb	f44bbfdc3d42ec0217bffa978309390e59cea5a48a9a83226d4a496c42ad0b99
armeabi-v7a	deb	php	8.5.1	https://packages.termux.dev/apt/termux-main/pool/main/p/php/php_8.5.1_arm.deb	5b1943b93bb0ac6ab5b45d46e31dbe85b347d4650ba8eccf8f23f5616fc18c7a
armeabi-v7a	deb	capstone	5.0.9	https://packages.termux.dev/apt/termux-main/pool/main/c/capstone/capstone_5.0.9_arm.deb	aabd819ebcad89be20a218d63ce69ed2d23a756a2ebc72d94510f38c41ad0920
armeabi-v7a	deb	libandroid-glob	0.6-3	https://packages.termux.dev/apt/termux-main/pool/main/liba/libandroid-glob/libandroid-glob_0.6-3_arm.deb	a499b313eac0cd712d6196947649cd4390c5c5a0ac5f4b6f52d95b49367faf96
armeabi-v7a	deb	libandroid-support	29-1	https://packages.termux.dev/apt/termux-main/pool/main/liba/libandroid-support/libandroid-support_29-1_arm.deb	67150f1cb050d4852cb21d2b138676c68920b2ec7f059795b287b75cf2cf6cb6
armeabi-v7a	deb	libbz2	1.0.8-8	https://packages.termux.dev/apt/termux-main/pool/main/libb/libbz2/libbz2_1.0.8-8_arm.deb	e432fbc010384ebb73c7f381e6016312870152fff01a0d413a274ba6bfe9bd4c
armeabi-v7a	deb	libc++	30	https://packages.termux.dev/apt/termux-main/pool/main/libc/libc++/libc++_30_arm.deb	5d4e4dfea77402c0b3ee05b6cb4c73108bb69cc149e2d3a73d4ec6ee6919fd16
armeabi-v7a	deb	libcurl	8.22.0	https://packages.termux.dev/apt/termux-main/pool/main/libc/libcurl/libcurl_8.22.0_arm.deb	5e6fef9ee8097be1680a44d2282249b68ef03aff340fa36c26e27e797decd0a2
armeabi-v7a	deb	libffi	3.8.0	https://packages.termux.dev/apt/termux-main/pool/main/libf/libffi/libffi_3.8.0_arm.deb	27fc13bac4366ea270689a59a4a41fde52dfdbbd13418b29ac32ee66a0c43396
armeabi-v7a	deb	libgmp	6.3.0-2	https://packages.termux.dev/apt/termux-main/pool/main/libg/libgmp/libgmp_6.3.0-2_arm.deb	84d462fe805f361850742827283f801be27e7354b74135b243a2515ae9e5c388
armeabi-v7a	deb	libiconv	1.19	https://packages.termux.dev/apt/termux-main/pool/main/libi/libiconv/libiconv_1.19_arm.deb	a540d434d458faccb4391a1d870bddaae5cf0a061b8fc52102b5642f6d7a9445
armeabi-v7a	deb	libicu	78.3	https://packages.termux.dev/apt/termux-main/pool/main/libi/libicu/libicu_78.3_arm.deb	3ddca664e8cbe4cc775f585dc6457c65b3de454f5ca10bede412dfffbbbab8a8
armeabi-v7a	deb	libresolv-wrapper	1.1.8	https://packages.termux.dev/apt/termux-main/pool/main/libr/libresolv-wrapper/libresolv-wrapper_1.1.8_arm.deb	c334801124bffefe6471996da98bf3ff9bfae57427799063dd8903e160c62384
armeabi-v7a	deb	libsqlite	3.53.4	https://packages.termux.dev/apt/termux-main/pool/main/libs/libsqlite/libsqlite_3.53.4_arm.deb	0ff2b4cccfd0b4925659e91f0c72fb1e5bce7a3d08169d2701416273436f9f8b
armeabi-v7a	deb	libxml2	2.15.4-1	https://packages.termux.dev/apt/termux-main/pool/main/libx/libxml2/libxml2_2.15.4-1_arm.deb	0b163b7b9b454a59454018c3fb39fa8d6af46249d44c82450217d9a0ec5e49c9
armeabi-v7a	deb	libxslt	1.1.45-1	https://packages.termux.dev/apt/termux-main/pool/main/libx/libxslt/libxslt_1.1.45-1_arm.deb	7192f170f4412808821b0f25a84ab57ebd25455e39c59bb534dab26ec7b9d275
armeabi-v7a	deb	libzip	1.12	https://packages.termux.dev/apt/termux-main/pool/main/libz/libzip/libzip_1.12_arm.deb	6eacfaedc29d6640dd4ba8c2e89ca936ddb120e67ce7e0d1c1b24477b67f201e
armeabi-v7a	deb	oniguruma	6.9.10-1	https://packages.termux.dev/apt/termux-main/pool/main/o/oniguruma/oniguruma_6.9.10-1_arm.deb	1f20165b5440ddfb7579bd2997320c31466df85b6a64ee46ffe4a71c0f9644a7
armeabi-v7a	deb	openssl	1:3.6.5	https://packages.termux.dev/apt/termux-main/pool/main/o/openssl/openssl_1%3A3.6.5_arm.deb	4271df34c1cad73da0143b6d9013df4b80a4f6fc4d8a107f4069ef864606e0a9
armeabi-v7a	deb	pcre2	10.49	https://packages.termux.dev/apt/termux-main/pool/main/p/pcre2/pcre2_10.49_arm.deb	27fb90cbb86a3bd290b816a6f8386a448f59dfb17af54e17b8493bff3738d581
armeabi-v7a	deb	readline	8.3.6	https://packages.termux.dev/apt/termux-main/pool/main/r/readline/readline_8.3.6_arm.deb	4b3bdacdbee97503a9062a81e5e460ff5c4f3b35fed4b1cb3a612c5b8c79e64f
armeabi-v7a	deb	tidy	5.9.14-next-3	https://packages.termux.dev/apt/termux-main/pool/main/t/tidy/tidy_5.9.14-next-3_arm.deb	bddf725f98946ed35d3c83e4d35e9a9d75905a371d473c13228f53dde9fcda69
armeabi-v7a	deb	zlib	1.3.2	https://packages.termux.dev/apt/termux-main/pool/main/z/zlib/zlib_1.3.2_arm.deb	c63ee590f2f02254725bdd8e415582c70737b63712a20d5395b45e4b13ffffc5
armeabi-v7a	deb	libnghttp2	1.70.0	https://packages.termux.dev/apt/termux-main/pool/main/libn/libnghttp2/libnghttp2_1.70.0_arm.deb	d21d8375a670dd223563629a69c8ff3fb31c3c0559828178ab05f3d6d08e8f1d
armeabi-v7a	deb	libnghttp3	1.18.0	https://packages.termux.dev/apt/termux-main/pool/main/libn/libnghttp3/libnghttp3_1.18.0_arm.deb	43ff765ef6f4b3262aa6aca5829b94fd53890d8ae965a442f4f258418d8c185c
armeabi-v7a	deb	libngtcp2	1.25.0	https://packages.termux.dev/apt/termux-main/pool/main/libn/libngtcp2/libngtcp2_1.25.0_arm.deb	5dc0d716901f7ed7c679f939ed1924ef16f1ac455b75686af92de2ed57125f2a
armeabi-v7a	deb	libssh2	1.11.1-2	https://packages.termux.dev/apt/termux-main/pool/main/libs/libssh2/libssh2_1.11.1-2_arm.deb	5c39a041e53288fd763464be5bff2bab72401965c93bb1ab4f85f9574fb77a63
armeabi-v7a	deb	libgcrypt	1.12.4	https://packages.termux.dev/apt/termux-main/pool/main/libg/libgcrypt/libgcrypt_1.12.4_arm.deb	2a8058dfc7b16712e41c8746144858499edbe41319bdb062634c72bbe141e709
armeabi-v7a	deb	libgpg-error	1.61	https://packages.termux.dev/apt/termux-main/pool/main/libg/libgpg-error/libgpg-error_1.61_arm.deb	5a398b926f49c792d23c1293845e080677c4a458f839be60b075e98886506f1e
armeabi-v7a	deb	liblzma	5.8.4	https://packages.termux.dev/apt/termux-main/pool/main/libl/liblzma/liblzma_5.8.4_arm.deb	428f2a7b3b6e1ccaa69a87ef60e2748985516b48ee4b7e37c4183b84ae454871
armeabi-v7a	deb	zstd	1.5.7-1	https://packages.termux.dev/apt/termux-main/pool/main/z/zstd/zstd_1.5.7-1_arm.deb	87031a6369a7fd14108e4612d35e6296f8b933c6bc4d383b8aa18044d26f11f5
armeabi-v7a	deb	ncurses	6.6.20260307+really6.5.20250830	https://packages.termux.dev/apt/termux-main/pool/main/n/ncurses/ncurses_6.6.20260307+really6.5.20250830_arm.deb	a729f77be4109f8123aeb59702e49bf2d30f67a213d305c276859af52e12a3bb
all	phar	phpactor	2026.10.07.0	https://github.com/phpactor/phpactor/releases/download/2026.10.07.0/phpactor.phar	b28bf6166e016d539fc2f2aec18ef918b12590e436a6f1ccbdf30b5bbdbdb16b
